
Microsoft Visual Studio Solution File, Format Version 12.00
# Visual Studio 15
VisualStudioVersion = 15.0.27130.2036
MinimumVisualStudioVersion = 10.0.40219.1
Project("{FAE04EC0-301F-11D3-BF4B-00C04F79EFBC}") = "Toikka.Oppari.UnitTests", "Toikka.Oppari.UnitTests\Toikka.Oppari.UnitTests.csproj", "{D41189F4-2E86-41EE-B3CF-71029F16F5CC}"
EndProject
Global
	GlobalSection(SolutionConfigurationPlatforms) = preSolution
		Debug|Any CPU = Debug|Any CPU
		Release|Any CPU = Release|Any CPU
	EndGlobalSection
	GlobalSection(ProjectConfigurationPlatforms) = postSolution
		{D41189F4-2E86-41EE-B3CF-71029F16F5CC}.Debug|Any CPU.ActiveCfg = Debug|Any CPU
		{D41189F4-2E86-41EE-B3CF-71029F16F5CC}.Debug|Any CPU.Build.0 = Debug|Any CPU
		{D41189F4-2E86-41EE-B3CF-71029F16F5CC}.Release|Any CPU.ActiveCfg = Release|Any CPU
		{D41189F4-2E86-41EE-B3CF-71029F16F5CC}.Release|Any CPU.Build.0 = Release|Any CPU
	EndGlobalSection
	GlobalSection(SolutionProperties) = preSolution
		HideSolutionNode = FALSE
	EndGlobalSection
	GlobalSection(ExtensibilityGlobals) = postSolution
		SolutionGuid = {067E7A61-C2E8-4B69-A491-02FEA8E5F99B}
	EndGlobalSection
EndGlobal
